
Microsoft Visual Studio Solution File, Format Version 12.00
# Visual Studio Version 17
VisualStudioVersion = 17.1.32210.238
MinimumVisualStudioVersion = 10.0.40219.1
Project("{FAE04EC0-301F-11D3-BF4B-00C04F79EFBC}") = "UserManagementWebIdentity", "UserManagementWebIdentity\UserManagementWebIdentity.csproj", "{DF8857C9-DCED-423D-B202-FD59EEEF6352}"
EndProject
Global
	GlobalSection(SolutionConfigurationPlatforms) = preSolution
		Debug|Any CPU = Debug|Any CPU
		Release|Any CPU = Release|Any CPU
	EndGlobalSection
	GlobalSection(ProjectConfigurationPlatforms) = postSolution
		{DF8857C9-DCED-423D-B202-FD59EEEF6352}.Debug|Any CPU.ActiveCfg = Debug|Any CPU
		{DF8857C9-DCED-423D-B202-FD59EEEF6352}.Debug|Any CPU.Build.0 = Debug|Any CPU
		{DF8857C9-DCED-423D-B202-FD59EEEF6352}.Release|Any CPU.ActiveCfg = Release|Any CPU
		{DF8857C9-DCED-423D-B202-FD59EEEF6352}.Release|Any CPU.Build.0 = Release|Any CPU
	EndGlobalSection
	GlobalSection(SolutionProperties) = preSolution
		HideSolutionNode = FALSE
	EndGlobalSection
	GlobalSection(ExtensibilityGlobals) = postSolution
		SolutionGuid = {494FA0D9-0F75-465B-BEFD-286A2105DD77}
	EndGlobalSection
EndGlobal
